
Microsoft Visual Studio Solution File, Format Version 12.00
# Visual Studio Version 16
VisualStudioVersion = 16.0.31005.135
MinimumVisualStudioVersion = 10.0.40219.1
Project("{9A19103F-16F7-4668-BE54-9A1E7A4F7556}") = "DrinkCalculator", "DrinkCalculator.csproj", "{6AB14982-E4ED-4021-8914-D78C004BD3C5}"
EndProject
Global
	GlobalSection(SolutionConfigurationPlatforms) = preSolution
		Debug|Any CPU = Debug|Any CPU
		Release|Any CPU = Release|Any CPU
	EndGlobalSection
	GlobalSection(ProjectConfigurationPlatforms) = postSolution
		{6AB14982-E4ED-4021-8914-D78C004BD3C5}.Debug|Any CPU.ActiveCfg = Debug|Any CPU
		{6AB14982-E4ED-4021-8914-D78C004BD3C5}.Debug|Any CPU.Build.0 = Debug|Any CPU
		{6AB14982-E4ED-4021-8914-D78C004BD3C5}.Release|Any CPU.ActiveCfg = Release|Any CPU
		{6AB14982-E4ED-4021-8914-D78C004BD3C5}.Release|Any CPU.Build.0 = Release|Any CPU
	EndGlobalSection
	GlobalSection(SolutionProperties) = preSolution
		HideSolutionNode = FALSE
	EndGlobalSection
	GlobalSection(ExtensibilityGlobals) = postSolution
		SolutionGuid = {1060541C-C785-455B-8EA2-1E1162A4ADF3}
	EndGlobalSection
EndGlobal
